
Microsoft Visual Studio Solution File, Format Version 12.00
# Visual Studio Version 16
VisualStudioVersion = 16.0.36631.11
MinimumVisualStudioVersion = 10.0.40219.1
Project("{8BC9CEB8-8B4A-11D0-8D11-00A0C91BC942}") = "ch02", "ch02\ch02.vcxproj", "{D847CB5A-71A3-4F69-91AD-CC25603B3C34}"
EndProject
Project("{8BC9CEB8-8B4A-11D0-8D11-00A0C91BC942}") = "ch03", "ch03\ch03.vcxproj", "{2F87F5E6-97D7-4AB4-81A1-26497D35F2CC}"
EndProject
Project("{8BC9CEB8-8B4A-11D0-8D11-00A0C91BC942}") = "ch05", "ch05\ch05.vcxproj", "{88ADA334-E368-42B4-87D0-AA88CFAB16B9}"
EndProject
Global
	GlobalSection(SolutionConfigurationPlatforms) = preSolution
		Debug|x64 = Debug|x64
		Debug|x86 = Debug|x86
		Release|x64 = Release|x64
		Release|x86 = Release|x86
	EndGlobalSection
	GlobalSection(ProjectConfigurationPlatforms) = postSolution
		{D847CB5A-71A3-4F69-91AD-CC25603B3C34}.Debug|x64.ActiveCfg = Debug|x64
		{D847CB5A-71A3-4F69-91AD-CC25603B3C34}.Debug|x64.Build.0 = Debug|x64
		{D847CB5A-71A3-4F69-91AD-CC25603B3C34}.Debug|x86.ActiveCfg = Debug|Win32
		{D847CB5A-71A3-4F69-91AD-CC25603B3C34}.Debug|x86.Build.0 = Debug|Win32
		{D847CB5A-71A3-4F69-91AD-CC25603B3C34}.Release|x64.ActiveCfg = Release|x64
		{D847CB5A-71A3-4F69-91AD-CC25603B3C34}.Release|x64.Build.0 = Release|x64
		{D847CB5A-71A3-4F69-91AD-CC25603B3C34}.Release|x86.ActiveCfg = Release|Win32
		{D847CB5A-71A3-4F69-91AD-CC25603B3C34}.Release|x86.Build.0 = Release|Win32
		{2F87F5E6-97D7-4AB4-81A1-26497D35F2CC}.Debug|x64.ActiveCfg = Debug|x64
		{2F87F5E6-97D7-4AB4-81A1-26497D35F2CC}.Debug|x64.Build.0 = Debug|x64
		{2F87F5E6-97D7-4AB4-81A1-26497D35F2CC}.Debug|x86.ActiveCfg = Debug|Win32
		{2F87F5E6-97D7-4AB4-81A1-26497D35F2CC}.Debug|x86.Build.0 = Debug|Win32
		{2F87F5E6-97D7-4AB4-81A1-26497D35F2CC}.Release|x64.ActiveCfg = Release|x64
		{2F87F5E6-97D7-4AB4-81A1-26497D35F2CC}.Release|x64.Build.0 = Release|x64
		{2F87F5E6-97D7-4AB4-81A1-26497D35F2CC}.Release|x86.ActiveCfg = Release|Win32
		{2F87F5E6-97D7-4AB4-81A1-26497D35F2CC}.Release|x86.Build.0 = Release|Win32
		{88ADA334-E368-42B4-87D0-AA88CFAB16B9}.Debug|x64.ActiveCfg = Debug|x64
		{88ADA334-E368-42B4-87D0-AA88CFAB16B9}.Debug|x64.Build.0 = Debug|x64
		{88ADA334-E368-42B4-87D0-AA88CFAB16B9}.Debug|x86.ActiveCfg = Debug|Win32
		{88ADA334-E368-42B4-87D0-AA88CFAB16B9}.Debug|x86.Build.0 = Debug|Win32
		{88ADA334-E368-42B4-87D0-AA88CFAB16B9}.Release|x64.ActiveCfg = Release|x64
		{88ADA334-E368-42B4-87D0-AA88CFAB16B9}.Release|x64.Build.0 = Release|x64
		{88ADA334-E368-42B4-87D0-AA88CFAB16B9}.Release|x86.ActiveCfg = Release|Win32
		{88ADA334-E368-42B4-87D0-AA88CFAB16B9}.Release|x86.Build.0 = Release|Win32
	EndGlobalSection
	GlobalSection(SolutionProperties) = preSolution
		HideSolutionNode = FALSE
	EndGlobalSection
	GlobalSection(ExtensibilityGlobals) = postSolution
		SolutionGuid = {C4FCE4D3-3E41-429C-8D79-050C77BC673A}
	EndGlobalSection
EndGlobal
